
Microsoft Visual Studio Solution File, Format Version 12.00
Project("{FAE04EC0-301F-11D3-BF4B-00C04F79EFBC}") = "RedResQ_API.Lib", "RedResQ_API.Lib\RedResQ_API.Lib.csproj", "{93BC6B5F-3BD8-4035-A9C6-40D98F005521}"
EndProject
Project("{FAE04EC0-301F-11D3-BF4B-00C04F79EFBC}") = "RedResQ.Demo", "RedResQ.Demo\RedResQ.Demo.csproj", "{40EF897E-DD49-4C6D-B4FF-82715CF8A4D0}"
EndProject
Global
	GlobalSection(SolutionConfigurationPlatforms) = preSolution
		Debug|Any CPU = Debug|Any CPU
		Release|Any CPU = Release|Any CPU
	EndGlobalSection
	GlobalSection(ProjectConfigurationPlatforms) = postSolution
		{93BC6B5F-3BD8-4035-A9C6-40D98F005521}.Debug|Any CPU.ActiveCfg = Debug|Any CPU
		{93BC6B5F-3BD8-4035-A9C6-40D98F005521}.Debug|Any CPU.Build.0 = Debug|Any CPU
		{93BC6B5F-3BD8-4035-A9C6-40D98F005521}.Release|Any CPU.ActiveCfg = Release|Any CPU
		{93BC6B5F-3BD8-4035-A9C6-40D98F005521}.Release|Any CPU.Build.0 = Release|Any CPU
		{40EF897E-DD49-4C6D-B4FF-82715CF8A4D0}.Debug|Any CPU.ActiveCfg = Debug|Any CPU
		{40EF897E-DD49-4C6D-B4FF-82715CF8A4D0}.Debug|Any CPU.Build.0 = Debug|Any CPU
		{40EF897E-DD49-4C6D-B4FF-82715CF8A4D0}.Release|Any CPU.ActiveCfg = Release|Any CPU
		{40EF897E-DD49-4C6D-B4FF-82715CF8A4D0}.Release|Any CPU.Build.0 = Release|Any CPU
	EndGlobalSection
EndGlobal
