
Microsoft Visual Studio Solution File, Format Version 12.00
Project("{FAE04EC0-301F-11D3-BF4B-00C04F79EFBC}") = "RedResQ_API.Demo", "RedResQ_API.Demo\RedResQ_API.Demo.csproj", "{2CEB24C1-A715-4619-B977-B8D3D0A3968D}"
EndProject
Global
	GlobalSection(SolutionConfigurationPlatforms) = preSolution
		Debug|Any CPU = Debug|Any CPU
		Release|Any CPU = Release|Any CPU
	EndGlobalSection
	GlobalSection(ProjectConfigurationPlatforms) = postSolution
		{2CEB24C1-A715-4619-B977-B8D3D0A3968D}.Debug|Any CPU.ActiveCfg = Debug|Any CPU
		{2CEB24C1-A715-4619-B977-B8D3D0A3968D}.Debug|Any CPU.Build.0 = Debug|Any CPU
		{2CEB24C1-A715-4619-B977-B8D3D0A3968D}.Release|Any CPU.ActiveCfg = Release|Any CPU
		{2CEB24C1-A715-4619-B977-B8D3D0A3968D}.Release|Any CPU.Build.0 = Release|Any CPU
	EndGlobalSection
EndGlobal
